
Microsoft Visual Studio Solution File, Format Version 11.00
# Visual Studio 2010
Project("{8BC9CEB8-8B4A-11D0-8D11-00A0C91BC942}") = "SoftwareRasterizer", "SoftwareRasterizer\SoftwareRasterizer.vcxproj", "{EBEAAFAC-729C-4566-BF0F-A99C80C67DDF}"
EndProject
Global
	GlobalSection(SolutionConfigurationPlatforms) = preSolution
		Debug|Win32 = Debug|Win32
		Release|Win32 = Release|Win32
	EndGlobalSection
	GlobalSection(ProjectConfigurationPlatforms) = postSolution
		{EBEAAFAC-729C-4566-BF0F-A99C80C67DDF}.Debug|Win32.ActiveCfg = Debug|Win32
		{EBEAAFAC-729C-4566-BF0F-A99C80C67DDF}.Debug|Win32.Build.0 = Debug|Win32
		{EBEAAFAC-729C-4566-BF0F-A99C80C67DDF}.Release|Win32.ActiveCfg = Release|Win32
		{EBEAAFAC-729C-4566-BF0F-A99C80C67DDF}.Release|Win32.Build.0 = Release|Win32
	EndGlobalSection
	GlobalSection(SolutionProperties) = preSolution
		HideSolutionNode = FALSE
	EndGlobalSection
EndGlobal
